// !$*UTF8*$!
{
	archiveVersion = 1;
	classes = {
	};
	objectVersion = 46;
	objects = {

/* Begin PBXBuildFile section */
		272EF17D15E2B808008E3F68 /* CoreLocation.framework in Frameworks */ = {isa = PBXBuildFile; fileRef = 272EF17C15E2B808008E3F68 /* CoreLocation.framework */; };
		272EF18B15E2C1CF008E3F68 /* MapKit.framework in Frameworks */ = {isa = PBXBuildFile; fileRef = 272EF18A15E2C1CF008E3F68 /* MapKit.framework */; };
		272EF19515E302B7008E3F68 /* FacebookSDK.framework in Frameworks */ = {isa = PBXBuildFile; fileRef = 272EF19415E302B7008E3F68 /* FacebookSDK.framework */; };
		275D54351616692A003ABE40 /* Accounts.framework in Frameworks */ = {isa = PBXBuildFile; fileRef = 275D54341616692A003ABE40 /* Accounts.framework */; settings = {ATTRIBUTES = (Weak, ); }; };
		275D54381616692E003ABE40 /* Twitter.framework in Frameworks */ = {isa = PBXBuildFile; fileRef = 275D54371616692E003ABE40 /* Twitter.framework */; };
		275D543D16166B3E003ABE40 /* Social.framework in Frameworks */ = {isa = PBXBuildFile; fileRef = 275D543C16166B3E003ABE40 /* Social.framework */; settings = {ATTRIBUTES = (Weak, ); }; };
		275D543F16166B73003ABE40 /* AdSupport.framework in Frameworks */ = {isa = PBXBuildFile; fileRef = 275D543E16166B73003ABE40 /* AdSupport.framework */; settings = {ATTRIBUTES = (Weak, ); }; };
		275D544116166E6C003ABE40 /* libUAirship-1.3.3.a in Frameworks */ = {isa = PBXBuildFile; fileRef = 275D544016166E6C003ABE40 /* libUAirship-1.3.3.a */; };
		27E6B2AF159E36D000280BC7 /* UIKit.framework in Frameworks */ = {isa = PBXBuildFile; fileRef = 27E6B2AE159E36D000280BC7 /* UIKit.framework */; };
		27E6B2B1159E36D000280BC7 /* Foundation.framework in Frameworks */ = {isa = PBXBuildFile; fileRef = 27E6B2B0159E36D000280BC7 /* Foundation.framework */; };
		27E6B2B3159E36D000280BC7 /* CoreGraphics.framework in Frameworks */ = {isa = PBXBuildFile; fileRef = 27E6B2B2159E36D000280BC7 /* CoreGraphics.framework */; };
		27E6B361159E3F2600280BC7 /* KinveyKit.framework in Frameworks */ = {isa = PBXBuildFile; fileRef = 27E6B35F159E3F2600280BC7 /* KinveyKit.framework */; };
		27E6B390159E41D500280BC7 /* QuartzCore.framework in Frameworks */ = {isa = PBXBuildFile; fileRef = 27E6B38F159E41D500280BC7 /* QuartzCore.framework */; };
		2A510E0016D2B537001CF2FF /* AppDelegate.m in Sources */ = {isa = PBXBuildFile; fileRef = 2A510DFF16D2B537001CF2FF /* AppDelegate.m */; };
		2A510E0316D2B56B001CF2FF /* MainStoryboard.storyboard in Resources */ = {isa = PBXBuildFile; fileRef = 2A510E0116D2B56B001CF2FF /* MainStoryboard.storyboard */; };
		2A510E0616D2B57D001CF2FF /* ConnectionsViewController.m in Sources */ = {isa = PBXBuildFile; fileRef = 2A510E0516D2B57D001CF2FF /* ConnectionsViewController.m */; };
		2A510E0916D2B592001CF2FF /* RequestsViewController.m in Sources */ = {isa = PBXBuildFile; fileRef = 2A510E0816D2B592001CF2FF /* RequestsViewController.m */; };
		2A510E0C16D2B5AB001CF2FF /* LocationViewController.m in Sources */ = {isa = PBXBuildFile; fileRef = 2A510E0B16D2B5AB001CF2FF /* LocationViewController.m */; };
		2A510E0F16D2B5B7001CF2FF /* MessagesViewController.m in Sources */ = {isa = PBXBuildFile; fileRef = 2A510E0E16D2B5B7001CF2FF /* MessagesViewController.m */; };
		2A510E1216D2B5C6001CF2FF /* FormViewController.m in Sources */ = {isa = PBXBuildFile; fileRef = 2A510E1116D2B5C6001CF2FF /* FormViewController.m */; };
		2A510E1516D2B5D3001CF2FF /* LoginViewContoller.m in Sources */ = {isa = PBXBuildFile; fileRef = 2A510E1416D2B5D3001CF2FF /* LoginViewContoller.m */; };
		2A510E1816D2B5E4001CF2FF /* CreateAccountViewController.m in Sources */ = {isa = PBXBuildFile; fileRef = 2A510E1716D2B5E4001CF2FF /* CreateAccountViewController.m */; };
		2A510E1F16D2B60B001CF2FF /* UpdateCell.m in Sources */ = {isa = PBXBuildFile; fileRef = 2A510E1A16D2B60B001CF2FF /* UpdateCell.m */; };
		2A510E2016D2B60B001CF2FF /* UpdatesViewController.m in Sources */ = {isa = PBXBuildFile; fileRef = 2A510E1C16D2B60B001CF2FF /* UpdatesViewController.m */; };
		2A510E2116D2B60B001CF2FF /* WriteUpdateViewController.m in Sources */ = {isa = PBXBuildFile; fileRef = 2A510E1E16D2B60B001CF2FF /* WriteUpdateViewController.m */; };
		2A510E2416D2B623001CF2FF /* AuthorViewController.m in Sources */ = {isa = PBXBuildFile; fileRef = 2A510E2316D2B623001CF2FF /* AuthorViewController.m */; };
		2A510E2716D2B631001CF2FF /* KinveyFriendsUpdate.m in Sources */ = {isa = PBXBuildFile; fileRef = 2A510E2616D2B631001CF2FF /* KinveyFriendsUpdate.m */; };
		2A510E2C16D2B643001CF2FF /* GravatarStore.m in Sources */ = {isa = PBXBuildFile; fileRef = 2A510E2916D2B643001CF2FF /* GravatarStore.m */; };
		2A510E2D16D2B643001CF2FF /* MD5Helpers.m in Sources */ = {isa = PBXBuildFile; fileRef = 2A510E2B16D2B643001CF2FF /* MD5Helpers.m */; };
		2A510E3216D2B654001CF2FF /* MBProgressHUD.m in Sources */ = {isa = PBXBuildFile; fileRef = 2A510E2F16D2B654001CF2FF /* MBProgressHUD.m */; };
		2A510E3316D2B654001CF2FF /* PullRefreshTableViewController.m in Sources */ = {isa = PBXBuildFile; fileRef = 2A510E3116D2B654001CF2FF /* PullRefreshTableViewController.m */; };
		2A510E3816D2B66B001CF2FF /* KCSButton.m in Sources */ = {isa = PBXBuildFile; fileRef = 2A510E3516D2B66B001CF2FF /* KCSButton.m */; };
		2A510E3916D2B66B001CF2FF /* UIColor+KinveyHelpers.m in Sources */ = {isa = PBXBuildFile; fileRef = 2A510E3716D2B66B001CF2FF /* UIColor+KinveyHelpers.m */; };
		2A510E4816D2B691001CF2FF /* arrow.png in Resources */ = {isa = PBXBuildFile; fileRef = 2A510E3A16D2B691001CF2FF /* arrow.png */; };
		2A510E4916D2B691001CF2FF /* blue_background.png in Resources */ = {isa = PBXBuildFile; fileRef = 2A510E3B16D2B691001CF2FF /* blue_background.png */; };
		2A510E4B16D2B691001CF2FF /* connection_icon.png in Resources */ = {isa = PBXBuildFile; fileRef = 2A510E3E16D2B691001CF2FF /* connection_icon.png */; };
		2A510E4C16D2B691001CF2FF /* globe_green.png in Resources */ = {isa = PBXBuildFile; fileRef = 2A510E3F16D2B691001CF2FF /* globe_green.png */; };
		2A510E4D16D2B691001CF2FF /* globe.png in Resources */ = {isa = PBXBuildFile; fileRef = 2A510E4016D2B691001CF2FF /* globe.png */; };
		2A510E4E16D2B691001CF2FF /* icon_sync.png in Resources */ = {isa = PBXBuildFile; fileRef = 2A510E4116D2B691001CF2FF /* icon_sync.png */; };
		2A510E4F16D2B691001CF2FF /* location_icon.png in Resources */ = {isa = PBXBuildFile; fileRef = 2A510E4216D2B691001CF2FF /* location_icon.png */; };
		2A510E5016D2B691001CF2FF /* lock.png in Resources */ = {isa = PBXBuildFile; fileRef = 2A510E4316D2B691001CF2FF /* lock.png */; };
		2A510E5116D2B691001CF2FF /* main.m in Sources */ = {isa = PBXBuildFile; fileRef = 2A510E4416D2B691001CF2FF /* main.m */; };
		2A510E5216D2B691001CF2FF /* messages_icon.png in Resources */ = {isa = PBXBuildFile; fileRef = 2A510E4516D2B691001CF2FF /* messages_icon.png */; };
		2A510E5316D2B691001CF2FF /* request_icon.png in Resources */ = {isa = PBXBuildFile; fileRef = 2A510E4616D2B691001CF2FF /* request_icon.png */; };
		2A510E5416D2B691001CF2FF /* unlock.png in Resources */ = {isa = PBXBuildFile; fileRef = 2A510E4716D2B691001CF2FF /* unlock.png */; };
		2A510E5D16D2B712001CF2FF /* CitaTests.m in Sources */ = {isa = PBXBuildFile; fileRef = 2A510E5C16D2B712001CF2FF /* CitaTests.m */; };
		2A510E5F16D2B71F001CF2FF /* StatusShareTests-Info.plist in Resources */ = {isa = PBXBuildFile; fileRef = 2A510E5E16D2B71F001CF2FF /* StatusShareTests-Info.plist */; };
		2A510E6316D2B731001CF2FF /* InfoPlist.strings in Resources */ = {isa = PBXBuildFile; fileRef = 2A510E6116D2B731001CF2FF /* InfoPlist.strings */; };
		2A510E6516D2B88E001CF2FF /* Cita-Info.plist in Resources */ = {isa = PBXBuildFile; fileRef = 2A510E6416D2B88E001CF2FF /* Cita-Info.plist */; };
		2A510E6816D2B8F3001CF2FF /* InfoPlist.strings in Resources */ = {isa = PBXBuildFile; fileRef = 2A510E6616D2B8F3001CF2FF /* InfoPlist.strings */; };
		2AA6F3E116D2C32E00948D6C /* KWLinkButton.m in Sources */ = {isa = PBXBuildFile; fileRef = 2AA6F3C616D2C32E00948D6C /* KWLinkButton.m */; };
		2AA6F3E216D2C32E00948D6C /* KWSocialButton.m in Sources */ = {isa = PBXBuildFile; fileRef = 2AA6F3C816D2C32E00948D6C /* KWSocialButton.m */; };
		2AA6F3E316D2C32E00948D6C /* MKGradientButton.m in Sources */ = {isa = PBXBuildFile; fileRef = 2AA6F3CA16D2C32E00948D6C /* MKGradientButton.m */; };
		2AA6F3E416D2C32E00948D6C /* facebook.png in Resources */ = {isa = PBXBuildFile; fileRef = 2AA6F3CC16D2C32E00948D6C /* facebook.png */; };
		2AA6F3E516D2C32E00948D6C /* facebook@2x.png in Resources */ = {isa = PBXBuildFile; fileRef = 2AA6F3CD16D2C32E00948D6C /* facebook@2x.png */; };
		2AA6F3E616D2C32E00948D6C /* twitter.png in Resources */ = {isa = PBXBuildFile; fileRef = 2AA6F3CE16D2C32E00948D6C /* twitter.png */; };
		2AA6F3E716D2C32E00948D6C /* twitter@2x.png in Resources */ = {isa = PBXBuildFile; fileRef = 2AA6F3CF16D2C32E00948D6C /* twitter@2x.png */; };
		2AA6F3E816D2C32E00948D6C /* MKCGTypeHelpers.m in Sources */ = {isa = PBXBuildFile; fileRef = 2AA6F3D216D2C32E00948D6C /* MKCGTypeHelpers.m */; };
		2AA6F3E916D2C32E00948D6C /* MD5Helpers.m in Sources */ = {isa = PBXBuildFile; fileRef = 2AA6F3D516D2C32E00948D6C /* MD5Helpers.m */; };
		2AA6F3EA16D2C32E00948D6C /* NSArray+MKHelpers.m in Sources */ = {isa = PBXBuildFile; fileRef = 2AA6F3D716D2C32E00948D6C /* NSArray+MKHelpers.m */; };
		2AA6F3EB16D2C32E00948D6C /* NSString+MKHelpers.m in Sources */ = {isa = PBXBuildFile; fileRef = 2AA6F3D916D2C32E00948D6C /* NSString+MKHelpers.m */; };
		2AA6F3EC16D2C32E00948D6C /* UIColor+MKHelpers.m in Sources */ = {isa = PBXBuildFile; fileRef = 2AA6F3DC16D2C32E00948D6C /* UIColor+MKHelpers.m */; };
		2AA6F3ED16D2C32E00948D6C /* UILabel+MKHelpers.m in Sources */ = {isa = PBXBuildFile; fileRef = 2AA6F3DE16D2C32E00948D6C /* UILabel+MKHelpers.m */; };
		2AA6F3EE16D2C32E00948D6C /* UIWindow+MKHelpers.m in Sources */ = {isa = PBXBuildFile; fileRef = 2AA6F3E016D2C32E00948D6C /* UIWindow+MKHelpers.m */; };
		2AA6F3F516D2C37E00948D6C /* KWGradientView.m in Sources */ = {isa = PBXBuildFile; fileRef = 2AA6F3F116D2C37E00948D6C /* KWGradientView.m */; };
		2AA6F3F616D2C37E00948D6C /* KWLineView.m in Sources */ = {isa = PBXBuildFile; fileRef = 2AA6F3F316D2C37E00948D6C /* KWLineView.m */; };
		2AA6F3F716D2C37E00948D6C /* README.md in Resources */ = {isa = PBXBuildFile; fileRef = 2AA6F3F416D2C37E00948D6C /* README.md */; };
		2AA6F3FA16D2C3F800948D6C /* UIColor+KinveyWidgets.m in Sources */ = {isa = PBXBuildFile; fileRef = 2AA6F3F916D2C3F800948D6C /* UIColor+KinveyWidgets.m */; };
		452843D912854F5CA5BA586C /* CFNetwork.framework in Frameworks */ = {isa = PBXBuildFile; fileRef = 828258A0BC7940E6BD310385 /* CFNetwork.framework */; };
		77EFB1D10C144B6299B7E90E /* StoreKit.framework in Frameworks */ = {isa = PBXBuildFile; fileRef = 0864244EB4EB4378A013D2A4 /* StoreKit.framework */; };
		7CD1A1CD88E044888917EA86 /* libsqlite3.dylib in Frameworks */ = {isa = PBXBuildFile; fileRef = 1F4A168F34A6432793DC5300 /* libsqlite3.dylib */; };
		87888FBE0AE345FEABDAAA99 /* SystemConfiguration.framework in Frameworks */ = {isa = PBXBuildFile; fileRef = 90DEBB80DA534A469FC9F2AD /* SystemConfiguration.framework */; };
		8B1B1B961E444DE5A0344ED2 /* libz.dylib in Frameworks */ = {isa = PBXBuildFile; fileRef = A5D2BFA411D747529F025CF3 /* libz.dylib */; };
		8E161CCB79E14C3DB26ADA1F /* CoreTelephony.framework in Frameworks */ = {isa = PBXBuildFile; fileRef = 7C2A411236F24BF68A700F43 /* CoreTelephony.framework */; };
		99B982E115904F4987C9A948 /* Security.framework in Frameworks */ = {isa = PBXBuildFile; fileRef = 90F30FA441BA4F82A7FCC961 /* Security.framework */; };
		D91438FC689549768F8B1DB2 /* MobileCoreServices.framework in Frameworks */ = {isa = PBXBuildFile; fileRef = 92D1F49CE8DB4334AEA2EA68 /* MobileCoreServices.framework */; };
/* End PBXBuildFile section */

/* Begin PBXFileReference section */
		01A2D2B3859E4FABAD0FEA25 /* CoreGraphics.framework */ = {isa = PBXFileReference; lastKnownFileType = wrapper.framework; name = CoreGraphics.framework; path = System/Library/Frameworks/CoreGraphics.framework; sourceTree = SDKROOT; };
		0864244EB4EB4378A013D2A4 /* StoreKit.framework */ = {isa = PBXFileReference; lastKnownFileType = wrapper.framework; name = StoreKit.framework; path = System/Library/Frameworks/StoreKit.framework; sourceTree = SDKROOT; };
		1F4A168F34A6432793DC5300 /* libsqlite3.dylib */ = {isa = PBXFileReference; lastKnownFileType = "compiled.mach-o.dylib"; name = libsqlite3.dylib; path = usr/lib/libsqlite3.dylib; sourceTree = SDKROOT; };
		272EF17C15E2B808008E3F68 /* CoreLocation.framework */ = {isa = PBXFileReference; lastKnownFileType = wrapper.framework; name = CoreLocation.framework; path = System/Library/Frameworks/CoreLocation.framework; sourceTree = SDKROOT; };
		272EF18A15E2C1CF008E3F68 /* MapKit.framework */ = {isa = PBXFileReference; lastKnownFileType = wrapper.framework; name = MapKit.framework; path = System/Library/Frameworks/MapKit.framework; sourceTree = SDKROOT; };
		272EF19415E302B7008E3F68 /* FacebookSDK.framework */ = {isa = PBXFileReference; lastKnownFileType = wrapper.framework; path = FacebookSDK.framework; sourceTree = "<group>"; };
		275D54341616692A003ABE40 /* Accounts.framework */ = {isa = PBXFileReference; lastKnownFileType = wrapper.framework; name = Accounts.framework; path = System/Library/Frameworks/Accounts.framework; sourceTree = SDKROOT; };
		275D54371616692E003ABE40 /* Twitter.framework */ = {isa = PBXFileReference; lastKnownFileType = wrapper.framework; name = Twitter.framework; path = System/Library/Frameworks/Twitter.framework; sourceTree = SDKROOT; };
		275D543C16166B3E003ABE40 /* Social.framework */ = {isa = PBXFileReference; lastKnownFileType = wrapper.framework; name = Social.framework; path = System/Library/Frameworks/Social.framework; sourceTree = SDKROOT; };
		275D543E16166B73003ABE40 /* AdSupport.framework */ = {isa = PBXFileReference; lastKnownFileType = wrapper.framework; name = AdSupport.framework; path = System/Library/Frameworks/AdSupport.framework; sourceTree = SDKROOT; };
		275D544016166E6C003ABE40 /* libUAirship-1.3.3.a */ = {isa = PBXFileReference; lastKnownFileType = archive.ar; path = "libUAirship-1.3.3.a"; sourceTree = "<group>"; };
		27E6B2AA159E36D000280BC7 /* Cita.app */ = {isa = PBXFileReference; explicitFileType = wrapper.application; includeInIndex = 0; path = Cita.app; sourceTree = BUILT_PRODUCTS_DIR; };
		27E6B2AE159E36D000280BC7 /* UIKit.framework */ = {isa = PBXFileReference; lastKnownFileType = wrapper.framework; name = UIKit.framework; path = System/Library/Frameworks/UIKit.framework; sourceTree = SDKROOT; };
		27E6B2B0159E36D000280BC7 /* Foundation.framework */ = {isa = PBXFileReference; lastKnownFileType = wrapper.framework; name = Foundation.framework; path = System/Library/Frameworks/Foundation.framework; sourceTree = SDKROOT; };
		27E6B2B2159E36D000280BC7 /* CoreGraphics.framework */ = {isa = PBXFileReference; lastKnownFileType = wrapper.framework; name = CoreGraphics.framework; path = System/Library/Frameworks/CoreGraphics.framework; sourceTree = SDKROOT; };
		27E6B2CF159E36D000280BC7 /* SenTestingKit.framework */ = {isa = PBXFileReference; lastKnownFileType = wrapper.framework; name = SenTestingKit.framework; path = Library/Frameworks/SenTestingKit.framework; sourceTree = DEVELOPER_DIR; };
		27E6B35F159E3F2600280BC7 /* KinveyKit.framework */ = {isa = PBXFileReference; lastKnownFileType = wrapper.framework; path = KinveyKit.framework; sourceTree = "<group>"; };
		27E6B38F159E41D500280BC7 /* QuartzCore.framework */ = {isa = PBXFileReference; lastKnownFileType = wrapper.framework; name = QuartzCore.framework; path = System/Library/Frameworks/QuartzCore.framework; sourceTree = SDKROOT; };
		2A510DFE16D2B537001CF2FF /* AppDelegate.h */ = {isa = PBXFileReference; fileEncoding = 4; lastKnownFileType = sourcecode.c.h; name = AppDelegate.h; path = Cita/Classes/AppDelegate.h; sourceTree = SOURCE_ROOT; };
		2A510DFF16D2B537001CF2FF /* AppDelegate.m */ = {isa = PBXFileReference; fileEncoding = 4; lastKnownFileType = sourcecode.c.objc; name = AppDelegate.m; path = Cita/Classes/AppDelegate.m; sourceTree = SOURCE_ROOT; };
		2A510E0216D2B56B001CF2FF /* en */ = {isa = PBXFileReference; lastKnownFileType = file.storyboard; name = en; path = Cita/en.lproj/MainStoryboard.storyboard; sourceTree = SOURCE_ROOT; };
		2A510E0416D2B57D001CF2FF /* ConnectionsViewController.h */ = {isa = PBXFileReference; fileEncoding = 4; lastKnownFileType = sourcecode.c.h; name = ConnectionsViewController.h; path = Cita/Classes/ConnectionsViewController.h; sourceTree = SOURCE_ROOT; };
		2A510E0516D2B57D001CF2FF /* ConnectionsViewController.m */ = {isa = PBXFileReference; fileEncoding = 4; lastKnownFileType = sourcecode.c.objc; name = ConnectionsViewController.m; path = Cita/Classes/ConnectionsViewController.m; sourceTree = SOURCE_ROOT; };
		2A510E0716D2B592001CF2FF /* RequestsViewController.h */ = {isa = PBXFileReference; fileEncoding = 4; lastKnownFileType = sourcecode.c.h; name = RequestsViewController.h; path = Cita/Classes/RequestsViewController.h; sourceTree = SOURCE_ROOT; };
		2A510E0816D2B592001CF2FF /* RequestsViewController.m */ = {isa = PBXFileReference; fileEncoding = 4; lastKnownFileType = sourcecode.c.objc; name = RequestsViewController.m; path = Cita/Classes/RequestsViewController.m; sourceTree = SOURCE_ROOT; };
		2A510E0A16D2B5AB001CF2FF /* LocationViewController.h */ = {isa = PBXFileReference; fileEncoding = 4; lastKnownFileType = sourcecode.c.h; name = LocationViewController.h; path = Cita/Classes/LocationViewController.h; sourceTree = SOURCE_ROOT; };
		2A510E0B16D2B5AB001CF2FF /* LocationViewController.m */ = {isa = PBXFileReference; fileEncoding = 4; lastKnownFileType = sourcecode.c.objc; name = LocationViewController.m; path = Cita/Classes/LocationViewController.m; sourceTree = SOURCE_ROOT; };
		2A510E0D16D2B5B7001CF2FF /* MessagesViewController.h */ = {isa = PBXFileReference; fileEncoding = 4; lastKnownFileType = sourcecode.c.h; name = MessagesViewController.h; path = Cita/Classes/MessagesViewController.h; sourceTree = SOURCE_ROOT; };
		2A510E0E16D2B5B7001CF2FF /* MessagesViewController.m */ = {isa = PBXFileReference; fileEncoding = 4; lastKnownFileType = sourcecode.c.objc; name = MessagesViewController.m; path = Cita/Classes/MessagesViewController.m; sourceTree = SOURCE_ROOT; };
		2A510E1016D2B5C6001CF2FF /* FormViewController.h */ = {isa = PBXFileReference; fileEncoding = 4; lastKnownFileType = sourcecode.c.h; name = FormViewController.h; path = Cita/Classes/FormViewController.h; sourceTree = SOURCE_ROOT; };
		2A510E1116D2B5C6001CF2FF /* FormViewController.m */ = {isa = PBXFileReference; fileEncoding = 4; lastKnownFileType = sourcecode.c.objc; name = FormViewController.m; path = Cita/Classes/FormViewController.m; sourceTree = SOURCE_ROOT; };
		2A510E1316D2B5D3001CF2FF /* LoginViewContoller.h */ = {isa = PBXFileReference; fileEncoding = 4; lastKnownFileType = sourcecode.c.h; name = LoginViewContoller.h; path = Cita/Classes/LoginViewContoller.h; sourceTree = SOURCE_ROOT; };
		2A510E1416D2B5D3001CF2FF /* LoginViewContoller.m */ = {isa = PBXFileReference; fileEncoding = 4; lastKnownFileType = sourcecode.c.objc; name = LoginViewContoller.m; path = Cita/Classes/LoginViewContoller.m; sourceTree = SOURCE_ROOT; };
		2A510E1616D2B5E4001CF2FF /* CreateAccountViewController.h */ = {isa = PBXFileReference; fileEncoding = 4; lastKnownFileType = sourcecode.c.h; name = CreateAccountViewController.h; path = Cita/Classes/CreateAccountViewController.h; sourceTree = SOURCE_ROOT; };
		2A510E1716D2B5E4001CF2FF /* CreateAccountViewController.m */ = {isa = PBXFileReference; fileEncoding = 4; lastKnownFileType = sourcecode.c.objc; name = CreateAccountViewController.m; path = Cita/Classes/CreateAccountViewController.m; sourceTree = SOURCE_ROOT; };
		2A510E1916D2B60B001CF2FF /* UpdateCell.h */ = {isa = PBXFileReference; fileEncoding = 4; lastKnownFileType = sourcecode.c.h; name = UpdateCell.h; path = Cita/Classes/UpdateCell.h; sourceTree = SOURCE_ROOT; };
		2A510E1A16D2B60B001CF2FF /* UpdateCell.m */ = {isa = PBXFileReference; fileEncoding = 4; lastKnownFileType = sourcecode.c.objc; name = UpdateCell.m; path = Cita/Classes/UpdateCell.m; sourceTree = SOURCE_ROOT; };
		2A510E1B16D2B60B001CF2FF /* UpdatesViewController.h */ = {isa = PBXFileReference; fileEncoding = 4; lastKnownFileType = sourcecode.c.h; name = UpdatesViewController.h; path = Cita/Classes/UpdatesViewController.h; sourceTree = SOURCE_ROOT; };
		2A510E1C16D2B60B001CF2FF /* UpdatesViewController.m */ = {isa = PBXFileReference; fileEncoding = 4; lastKnownFileType = sourcecode.c.objc; name = UpdatesViewController.m; path = Cita/Classes/UpdatesViewController.m; sourceTree = SOURCE_ROOT; };
		2A510E1D16D2B60B001CF2FF /* WriteUpdateViewController.h */ = {isa = PBXFileReference; fileEncoding = 4; lastKnownFileType = sourcecode.c.h; name = WriteUpdateViewController.h; path = Cita/Classes/WriteUpdateViewController.h; sourceTree = SOURCE_ROOT; };
		2A510E1E16D2B60B001CF2FF /* WriteUpdateViewController.m */ = {isa = PBXFileReference; fileEncoding = 4; lastKnownFileType = sourcecode.c.objc; name = WriteUpdateViewController.m; path = Cita/Classes/WriteUpdateViewController.m; sourceTree = SOURCE_ROOT; };
		2A510E2216D2B623001CF2FF /* AuthorViewController.h */ = {isa = PBXFileReference; fileEncoding = 4; lastKnownFileType = sourcecode.c.h; name = AuthorViewController.h; path = Cita/Classes/AuthorViewController.h; sourceTree = SOURCE_ROOT; };
		2A510E2316D2B623001CF2FF /* AuthorViewController.m */ = {isa = PBXFileReference; fileEncoding = 4; lastKnownFileType = sourcecode.c.objc; name = AuthorViewController.m; path = Cita/Classes/AuthorViewController.m; sourceTree = SOURCE_ROOT; };
		2A510E2516D2B631001CF2FF /* KinveyFriendsUpdate.h */ = {isa = PBXFileReference; fileEncoding = 4; lastKnownFileType = sourcecode.c.h; name = KinveyFriendsUpdate.h; path = Cita/Classes/KinveyFriendsUpdate.h; sourceTree = SOURCE_ROOT; };
		2A510E2616D2B631001CF2FF /* KinveyFriendsUpdate.m */ = {isa = PBXFileReference; fileEncoding = 4; lastKnownFileType = sourcecode.c.objc; name = KinveyFriendsUpdate.m; path = Cita/Classes/KinveyFriendsUpdate.m; sourceTree = SOURCE_ROOT; };
		2A510E2816D2B643001CF2FF /* GravatarStore.h */ = {isa = PBXFileReference; fileEncoding = 4; lastKnownFileType = sourcecode.c.h; name = GravatarStore.h; path = Cita/Classes/GravatarStore.h; sourceTree = SOURCE_ROOT; };
		2A510E2916D2B643001CF2FF /* GravatarStore.m */ = {isa = PBXFileReference; fileEncoding = 4; lastKnownFileType = sourcecode.c.objc; name = GravatarStore.m; path = Cita/Classes/GravatarStore.m; sourceTree = SOURCE_ROOT; };
		2A510E2A16D2B643001CF2FF /* MD5Helpers.h */ = {isa = PBXFileReference; fileEncoding = 4; lastKnownFileType = sourcecode.c.h; name = MD5Helpers.h; path = Cita/Classes/MD5Helpers.h; sourceTree = SOURCE_ROOT; };
		2A510E2B16D2B643001CF2FF /* MD5Helpers.m */ = {isa = PBXFileReference; fileEncoding = 4; lastKnownFileType = sourcecode.c.objc; name = MD5Helpers.m; path = Cita/Classes/MD5Helpers.m; sourceTree = SOURCE_ROOT; };
		2A510E2E16D2B654001CF2FF /* MBProgressHUD.h */ = {isa = PBXFileReference; fileEncoding = 4; lastKnownFileType = sourcecode.c.h; name = MBProgressHUD.h; path = "Cita/Classes/3rd Party/MBProgressHUD.h"; sourceTree = SOURCE_ROOT; };
		2A510E2F16D2B654001CF2FF /* MBProgressHUD.m */ = {isa = PBXFileReference; fileEncoding = 4; lastKnownFileType = sourcecode.c.objc; name = MBProgressHUD.m; path = "Cita/Classes/3rd Party/MBProgressHUD.m"; sourceTree = SOURCE_ROOT; };
		2A510E3016D2B654001CF2FF /* PullRefreshTableViewController.h */ = {isa = PBXFileReference; fileEncoding = 4; lastKnownFileType = sourcecode.c.h; name = PullRefreshTableViewController.h; path = "Cita/Classes/3rd Party/PullRefreshTableViewController.h"; sourceTree = SOURCE_ROOT; };
		2A510E3116D2B654001CF2FF /* PullRefreshTableViewController.m */ = {isa = PBXFileReference; fileEncoding = 4; lastKnownFileType = sourcecode.c.objc; name = PullRefreshTableViewController.m; path = "Cita/Classes/3rd Party/PullRefreshTableViewController.m"; sourceTree = SOURCE_ROOT; };
		2A510E3416D2B66B001CF2FF /* KCSButton.h */ = {isa = PBXFileReference; fileEncoding = 4; lastKnownFileType = sourcecode.c.h; name = KCSButton.h; path = Cita/Classes/KCSButton.h; sourceTree = SOURCE_ROOT; };
		2A510E3516D2B66B001CF2FF /* KCSButton.m */ = {isa = PBXFileReference; fileEncoding = 4; lastKnownFileType = sourcecode.c.objc; name = KCSButton.m; path = Cita/Classes/KCSButton.m; sourceTree = SOURCE_ROOT; };
		2A510E3616D2B66B001CF2FF /* UIColor+KinveyHelpers.h */ = {isa = PBXFileReference; fileEncoding = 4; lastKnownFileType = sourcecode.c.h; name = "UIColor+KinveyHelpers.h"; path = "Cita/Classes/UIColor+KinveyHelpers.h"; sourceTree = SOURCE_ROOT; };
		2A510E3716D2B66B001CF2FF /* UIColor+KinveyHelpers.m */ = {isa = PBXFileReference; fileEncoding = 4; lastKnownFileType = sourcecode.c.objc; name = "UIColor+KinveyHelpers.m"; path = "Cita/Classes/UIColor+KinveyHelpers.m"; sourceTree = SOURCE_ROOT; };
		2A510E3A16D2B691001CF2FF /* arrow.png */ = {isa = PBXFileReference; lastKnownFileType = image.png; name = arrow.png; path = Cita/arrow.png; sourceTree = SOURCE_ROOT; };
		2A510E3B16D2B691001CF2FF /* blue_background.png */ = {isa = PBXFileReference; lastKnownFileType = image.png; name = blue_background.png; path = Cita/blue_background.png; sourceTree = SOURCE_ROOT; };
		2A510E3D16D2B691001CF2FF /* Cita-Prefix.pch */ = {isa = PBXFileReference; fileEncoding = 4; lastKnownFileType = sourcecode.c.h; name = "Cita-Prefix.pch"; path = "Cita/Cita-Prefix.pch"; sourceTree = SOURCE_ROOT; };
		2A510E3E16D2B691001CF2FF /* connection_icon.png */ = {isa = PBXFileReference; lastKnownFileType = image.png; name = connection_icon.png; path = Cita/connection_icon.png; sourceTree = SOURCE_ROOT; };
		2A510E3F16D2B691001CF2FF /* globe_green.png */ = {isa = PBXFileReference; lastKnownFileType = image.png; name = globe_green.png; path = Cita/globe_green.png; sourceTree = SOURCE_ROOT; };
		2A510E4016D2B691001CF2FF /* globe.png */ = {isa = PBXFileReference; lastKnownFileType = image.png; name = globe.png; path = Cita/globe.png; sourceTree = SOURCE_ROOT; };
		2A510E4116D2B691001CF2FF /* icon_sync.png */ = {isa = PBXFileReference; lastKnownFileType = image.png; name = icon_sync.png; path = Cita/icon_sync.png; sourceTree = SOURCE_ROOT; };
		2A510E4216D2B691001CF2FF /* location_icon.png */ = {isa = PBXFileReference; lastKnownFileType = image.png; name = location_icon.png; path = Cita/location_icon.png; sourceTree = SOURCE_ROOT; };
		2A510E4316D2B691001CF2FF /* lock.png */ = {isa = PBXFileReference; lastKnownFileType = image.png; name = lock.png; path = Cita/lock.png; sourceTree = SOURCE_ROOT; };
		2A510E4416D2B691001CF2FF /* main.m */ = {isa = PBXFileReference; fileEncoding = 4; lastKnownFileType = sourcecode.c.objc; name = main.m; path = Cita/main.m; sourceTree = SOURCE_ROOT; };
		2A510E4516D2B691001CF2FF /* messages_icon.png */ = {isa = PBXFileReference; lastKnownFileType = image.png; name = messages_icon.png; path = Cita/messages_icon.png; sourceTree = SOURCE_ROOT; };
		2A510E4616D2B691001CF2FF /* request_icon.png */ = {isa = PBXFileReference; lastKnownFileType = image.png; name = request_icon.png; path = Cita/request_icon.png; sourceTree = SOURCE_ROOT; };
		2A510E4716D2B691001CF2FF /* unlock.png */ = {isa = PBXFileReference; lastKnownFileType = image.png; name = unlock.png; path = Cita/unlock.png; sourceTree = SOURCE_ROOT; };
		2A510E5B16D2B712001CF2FF /* CitaTests.h */ = {isa = PBXFileReference; fileEncoding = 4; lastKnownFileType = sourcecode.c.h; name = CitaTests.h; path = CitaTests/CitaTests.h; sourceTree = SOURCE_ROOT; };
		2A510E5C16D2B712001CF2FF /* CitaTests.m */ = {isa = PBXFileReference; fileEncoding = 4; lastKnownFileType = sourcecode.c.objc; name = CitaTests.m; path = CitaTests/CitaTests.m; sourceTree = SOURCE_ROOT; };
		2A510E5E16D2B71F001CF2FF /* StatusShareTests-Info.plist */ = {isa = PBXFileReference; fileEncoding = 4; lastKnownFileType = text.plist.xml; name = "StatusShareTests-Info.plist"; path = "CitaTests/StatusShareTests-Info.plist"; sourceTree = SOURCE_ROOT; };
		2A510E6216D2B731001CF2FF /* en */ = {isa = PBXFileReference; lastKnownFileType = text.plist.strings; name = en; path = CitaTests/en.lproj/InfoPlist.strings; sourceTree = SOURCE_ROOT; };
		2A510E6416D2B88E001CF2FF /* Cita-Info.plist */ = {isa = PBXFileReference; fileEncoding = 4; lastKnownFileType = text.plist.xml; name = "Cita-Info.plist"; path = "Cita/Cita-Info.plist"; sourceTree = SOURCE_ROOT; };
		2A510E6716D2B8F3001CF2FF /* en */ = {isa = PBXFileReference; lastKnownFileType = text.plist.strings; name = en; path = Cita/en.lproj/InfoPlist.strings; sourceTree = SOURCE_ROOT; };
		2AA6F3C516D2C32E00948D6C /* KWLinkButton.h */ = {isa = PBXFileReference; fileEncoding = 4; lastKnownFileType = sourcecode.c.h; path = KWLinkButton.h; sourceTree = "<group>"; };
		2AA6F3C616D2C32E00948D6C /* KWLinkButton.m */ = {isa = PBXFileReference; fileEncoding = 4; lastKnownFileType = sourcecode.c.objc; path = KWLinkButton.m; sourceTree = "<group>"; };
		2AA6F3C716D2C32E00948D6C /* KWSocialButton.h */ = {isa = PBXFileReference; fileEncoding = 4; lastKnownFileType = sourcecode.c.h; path = KWSocialButton.h; sourceTree = "<group>"; };
		2AA6F3C816D2C32E00948D6C /* KWSocialButton.m */ = {isa = PBXFileReference; fileEncoding = 4; lastKnownFileType = sourcecode.c.objc; path = KWSocialButton.m; sourceTree = "<group>"; };
		2AA6F3C916D2C32E00948D6C /* MKGradientButton.h */ = {isa = PBXFileReference; fileEncoding = 4; lastKnownFileType = sourcecode.c.h; path = MKGradientButton.h; sourceTree = "<group>"; };
		2AA6F3CA16D2C32E00948D6C /* MKGradientButton.m */ = {isa = PBXFileReference; fileEncoding = 4; lastKnownFileType = sourcecode.c.objc; path = MKGradientButton.m; sourceTree = "<group>"; };
		2AA6F3CC16D2C32E00948D6C /* facebook.png */ = {isa = PBXFileReference; lastKnownFileType = image.png; path = facebook.png; sourceTree = "<group>"; };
		2AA6F3CD16D2C32E00948D6C /* facebook@2x.png */ = {isa = PBXFileReference; lastKnownFileType = image.png; path = "facebook@2x.png"; sourceTree = "<group>"; };
		2AA6F3CE16D2C32E00948D6C /* twitter.png */ = {isa = PBXFileReference; lastKnownFileType = image.png; path = twitter.png; sourceTree = "<group>"; };
		2AA6F3CF16D2C32E00948D6C /* twitter@2x.png */ = {isa = PBXFileReference; lastKnownFileType = image.png; path = "twitter@2x.png"; sourceTree = "<group>"; };
		2AA6F3D116D2C32E00948D6C /* MKCGTypeHelpers.h */ = {isa = PBXFileReference; fileEncoding = 4; lastKnownFileType = sourcecode.c.h; path = MKCGTypeHelpers.h; sourceTree = "<group>"; };
		2AA6F3D216D2C32E00948D6C /* MKCGTypeHelpers.m */ = {isa = PBXFileReference; fileEncoding = 4; lastKnownFileType = sourcecode.c.objc; path = MKCGTypeHelpers.m; sourceTree = "<group>"; };
		2AA6F3D416D2C32E00948D6C /* MD5Helpers.h */ = {isa = PBXFileReference; fileEncoding = 4; lastKnownFileType = sourcecode.c.h; path = MD5Helpers.h; sourceTree = "<group>"; };
		2AA6F3D516D2C32E00948D6C /* MD5Helpers.m */ = {isa = PBXFileReference; fileEncoding = 4; lastKnownFileType = sourcecode.c.objc; path = MD5Helpers.m; sourceTree = "<group>"; };
		2AA6F3D616D2C32E00948D6C /* NSArray+MKHelpers.h */ = {isa = PBXFileReference; fileEncoding = 4; lastKnownFileType = sourcecode.c.h; path = "NSArray+MKHelpers.h"; sourceTree = "<group>"; };
		2AA6F3D716D2C32E00948D6C /* NSArray+MKHelpers.m */ = {isa = PBXFileReference; fileEncoding = 4; lastKnownFileType = sourcecode.c.objc; path = "NSArray+MKHelpers.m"; sourceTree = "<group>"; };
		2AA6F3D816D2C32E00948D6C /* NSString+MKHelpers.h */ = {isa = PBXFileReference; fileEncoding = 4; lastKnownFileType = sourcecode.c.h; path = "NSString+MKHelpers.h"; sourceTree = "<group>"; };
		2AA6F3D916D2C32E00948D6C /* NSString+MKHelpers.m */ = {isa = PBXFileReference; fileEncoding = 4; lastKnownFileType = sourcecode.c.objc; path = "NSString+MKHelpers.m"; sourceTree = "<group>"; };
		2AA6F3DB16D2C32E00948D6C /* UIColor+MKHelpers.h */ = {isa = PBXFileReference; fileEncoding = 4; lastKnownFileType = sourcecode.c.h; path = "UIColor+MKHelpers.h"; sourceTree = "<group>"; };
		2AA6F3DC16D2C32E00948D6C /* UIColor+MKHelpers.m */ = {isa = PBXFileReference; fileEncoding = 4; lastKnownFileType = sourcecode.c.objc; path = "UIColor+MKHelpers.m"; sourceTree = "<group>"; };
		2AA6F3DD16D2C32E00948D6C /* UILabel+MKHelpers.h */ = {isa = PBXFileReference; fileEncoding = 4; lastKnownFileType = sourcecode.c.h; path = "UILabel+MKHelpers.h"; sourceTree = "<group>"; };
		2AA6F3DE16D2C32E00948D6C /* UILabel+MKHelpers.m */ = {isa = PBXFileReference; fileEncoding = 4; lastKnownFileType = sourcecode.c.objc; path = "UILabel+MKHelpers.m"; sourceTree = "<group>"; };
		2AA6F3DF16D2C32E00948D6C /* UIWindow+MKHelpers.h */ = {isa = PBXFileReference; fileEncoding = 4; lastKnownFileType = sourcecode.c.h; path = "UIWindow+MKHelpers.h"; sourceTree = "<group>"; };
		2AA6F3E016D2C32E00948D6C /* UIWindow+MKHelpers.m */ = {isa = PBXFileReference; fileEncoding = 4; lastKnownFileType = sourcecode.c.objc; path = "UIWindow+MKHelpers.m"; sourceTree = "<group>"; };
		2AA6F3F016D2C37E00948D6C /* KWGradientView.h */ = {isa = PBXFileReference; fileEncoding = 4; lastKnownFileType = sourcecode.c.h; path = KWGradientView.h; sourceTree = "<group>"; };
		2AA6F3F116D2C37E00948D6C /* KWGradientView.m */ = {isa = PBXFileReference; fileEncoding = 4; lastKnownFileType = sourcecode.c.objc; path = KWGradientView.m; sourceTree = "<group>"; };
		2AA6F3F216D2C37E00948D6C /* KWLineView.h */ = {isa = PBXFileReference; fileEncoding = 4; lastKnownFileType = sourcecode.c.h; path = KWLineView.h; sourceTree = "<group>"; };
		2AA6F3F316D2C37E00948D6C /* KWLineView.m */ = {isa = PBXFileReference; fileEncoding = 4; lastKnownFileType = sourcecode.c.objc; path = KWLineView.m; sourceTree = "<group>"; };
		2AA6F3F416D2C37E00948D6C /* README.md */ = {isa = PBXFileReference; fileEncoding = 4; lastKnownFileType = text; path = README.md; sourceTree = "<group>"; };
		2AA6F3F816D2C3F800948D6C /* UIColor+KinveyWidgets.h */ = {isa = PBXFileReference; fileEncoding = 4; lastKnownFileType = sourcecode.c.h; name = "UIColor+KinveyWidgets.h"; path = "Cita/Utilities/UIColor+KinveyWidgets.h"; sourceTree = SOURCE_ROOT; };
		2AA6F3F916D2C3F800948D6C /* UIColor+KinveyWidgets.m */ = {isa = PBXFileReference; fileEncoding = 4; lastKnownFileType = sourcecode.c.objc; name = "UIColor+KinveyWidgets.m"; path = "Cita/Utilities/UIColor+KinveyWidgets.m"; sourceTree = SOURCE_ROOT; };
		7C2A411236F24BF68A700F43 /* CoreTelephony.framework */ = {isa = PBXFileReference; lastKnownFileType = wrapper.framework; name = CoreTelephony.framework; path = System/Library/Frameworks/CoreTelephony.framework; sourceTree = SDKROOT; };
		828258A0BC7940E6BD310385 /* CFNetwork.framework */ = {isa = PBXFileReference; lastKnownFileType = wrapper.framework; name = CFNetwork.framework; path = System/Library/Frameworks/CFNetwork.framework; sourceTree = SDKROOT; };
		90DEBB80DA534A469FC9F2AD /* SystemConfiguration.framework */ = {isa = PBXFileReference; lastKnownFileType = wrapper.framework; name = SystemConfiguration.framework; path = System/Library/Frameworks/SystemConfiguration.framework; sourceTree = SDKROOT; };
		90F30FA441BA4F82A7FCC961 /* Security.framework */ = {isa = PBXFileReference; lastKnownFileType = wrapper.framework; name = Security.framework; path = System/Library/Frameworks/Security.framework; sourceTree = SDKROOT; };
		92D1F49CE8DB4334AEA2EA68 /* MobileCoreServices.framework */ = {isa = PBXFileReference; lastKnownFileType = wrapper.framework; name = MobileCoreServices.framework; path = System/Library/Frameworks/MobileCoreServices.framework; sourceTree = SDKROOT; };
		A5D2BFA411D747529F025CF3 /* libz.dylib */ = {isa = PBXFileReference; lastKnownFileType = "compiled.mach-o.dylib"; name = libz.dylib; path = usr/lib/libz.dylib; sourceTree = SDKROOT; };
		D359CEE3AA654D538EC47440 /* Foundation.framework */ = {isa = PBXFileReference; lastKnownFileType = wrapper.framework; name = Foundation.framework; path = System/Library/Frameworks/Foundation.framework; sourceTree = SDKROOT; };
		DB1100433C724546A92A86B9 /* UIKit.framework */ = {isa = PBXFileReference; lastKnownFileType = wrapper.framework; name = UIKit.framework; path = System/Library/Frameworks/UIKit.framework; sourceTree = SDKROOT; };
/* End PBXFileReference section */

/* Begin PBXFrameworksBuildPhase section */
		27E6B2A7159E36D000280BC7 /* Frameworks */ = {
			isa = PBXFrameworksBuildPhase;
			buildActionMask = 2147483647;
			files = (
				275D543F16166B73003ABE40 /* AdSupport.framework in Frameworks */,
				275D543D16166B3E003ABE40 /* Social.framework in Frameworks */,
				275D54381616692E003ABE40 /* Twitter.framework in Frameworks */,
				275D54351616692A003ABE40 /* Accounts.framework in Frameworks */,
				272EF18B15E2C1CF008E3F68 /* MapKit.framework in Frameworks */,
				272EF17D15E2B808008E3F68 /* CoreLocation.framework in Frameworks */,
				27E6B390159E41D500280BC7 /* QuartzCore.framework in Frameworks */,
				27E6B2AF159E36D000280BC7 /* UIKit.framework in Frameworks */,
				27E6B2B1159E36D000280BC7 /* Foundation.framework in Frameworks */,
				27E6B2B3159E36D000280BC7 /* CoreGraphics.framework in Frameworks */,
				27E6B361159E3F2600280BC7 /* KinveyKit.framework in Frameworks */,
				452843D912854F5CA5BA586C /* CFNetwork.framework in Frameworks */,
				D91438FC689549768F8B1DB2 /* MobileCoreServices.framework in Frameworks */,
				99B982E115904F4987C9A948 /* Security.framework in Frameworks */,
				87888FBE0AE345FEABDAAA99 /* SystemConfiguration.framework in Frameworks */,
				77EFB1D10C144B6299B7E90E /* StoreKit.framework in Frameworks */,
				8E161CCB79E14C3DB26ADA1F /* CoreTelephony.framework in Frameworks */,
				8B1B1B961E444DE5A0344ED2 /* libz.dylib in Frameworks */,
				7CD1A1CD88E044888917EA86 /* libsqlite3.dylib in Frameworks */,
				272EF19515E302B7008E3F68 /* FacebookSDK.framework in Frameworks */,
				275D544116166E6C003ABE40 /* libUAirship-1.3.3.a in Frameworks */,
			);
			runOnlyForDeploymentPostprocessing = 0;
		};
/* End PBXFrameworksBuildPhase section */

/* Begin PBXGroup section */
		274C3A84160B5C7B00494C42 /* 3rd Party */ = {
			isa = PBXGroup;
			children = (
				2A510E2E16D2B654001CF2FF /* MBProgressHUD.h */,
				2A510E2F16D2B654001CF2FF /* MBProgressHUD.m */,
				2A510E3016D2B654001CF2FF /* PullRefreshTableViewController.h */,
				2A510E3116D2B654001CF2FF /* PullRefreshTableViewController.m */,
			);
			name = "3rd Party";
			path = "Classes/3rd Party";
			sourceTree = "<group>";
		};
		27E6B29F159E36D000280BC7 = {
			isa = PBXGroup;
			children = (
				27E6B2B4159E36D000280BC7 /* Cita */,
				27E6B342159E3D9500280BC7 /* Supporting Files */,
				27E6B2D5159E36D000280BC7 /* CitaTests */,
				27E6B2AD159E36D000280BC7 /* Frameworks */,
				27E6B2AB159E36D000280BC7 /* Products */,
			);
			sourceTree = "<group>";
		};
		27E6B2AB159E36D000280BC7 /* Products */ = {
			isa = PBXGroup;
			children = (
				27E6B2AA159E36D000280BC7 /* Cita.app */,
			);
			name = Products;
			sourceTree = "<group>";
		};
		27E6B2AD159E36D000280BC7 /* Frameworks */ = {
			isa = PBXGroup;
			children = (
				275D544016166E6C003ABE40 /* libUAirship-1.3.3.a */,
				275D543E16166B73003ABE40 /* AdSupport.framework */,
				275D543C16166B3E003ABE40 /* Social.framework */,
				275D54371616692E003ABE40 /* Twitter.framework */,
				275D54341616692A003ABE40 /* Accounts.framework */,
				272EF19415E302B7008E3F68 /* FacebookSDK.framework */,
				272EF18A15E2C1CF008E3F68 /* MapKit.framework */,
				272EF17C15E2B808008E3F68 /* CoreLocation.framework */,
				27E6B35F159E3F2600280BC7 /* KinveyKit.framework */,
				27E6B2AE159E36D000280BC7 /* UIKit.framework */,
				27E6B38F159E41D500280BC7 /* QuartzCore.framework */,
				27E6B2B0159E36D000280BC7 /* Foundation.framework */,
				27E6B2B2159E36D000280BC7 /* CoreGraphics.framework */,
				27E6B2CF159E36D000280BC7 /* SenTestingKit.framework */,
				828258A0BC7940E6BD310385 /* CFNetwork.framework */,
				01A2D2B3859E4FABAD0FEA25 /* CoreGraphics.framework */,
				D359CEE3AA654D538EC47440 /* Foundation.framework */,
				92D1F49CE8DB4334AEA2EA68 /* MobileCoreServices.framework */,
				90F30FA441BA4F82A7FCC961 /* Security.framework */,
				90DEBB80DA534A469FC9F2AD /* SystemConfiguration.framework */,
				DB1100433C724546A92A86B9 /* UIKit.framework */,
				0864244EB4EB4378A013D2A4 /* StoreKit.framework */,
				7C2A411236F24BF68A700F43 /* CoreTelephony.framework */,
				A5D2BFA411D747529F025CF3 /* libz.dylib */,
				1F4A168F34A6432793DC5300 /* libsqlite3.dylib */,
			);
			name = Frameworks;
			sourceTree = "<group>";
		};
		27E6B2B4159E36D000280BC7 /* Cita */ = {
			isa = PBXGroup;
			children = (
				2A510DFE16D2B537001CF2FF /* AppDelegate.h */,
				2A510E0116D2B56B001CF2FF /* MainStoryboard.storyboard */,
				2A510DFF16D2B537001CF2FF /* AppDelegate.m */,
				2A36C3D116B48C8A006CDC51 /* Connections */,
				2A36C3CD16B48C26006CDC51 /* Requests */,
				2A36C3D516B48CB3006CDC51 /* Location */,
				2A36C3D916B48CE1006CDC51 /* Messages */,
				27E6B32B159E3C9700280BC7 /* Login and Signup */,
				27E6B333159E3CD200280BC7 /* Viewing/Creating Updates */,
				27E6B334159E3CF200280BC7 /* Backend Classes */,
				27E6B335159E3D0300280BC7 /* Utility */,
				27E6B339159E3D3800280BC7 /* UI Elements */,
				2AA6F3EF16D2C37E00948D6C /* Views */,
			);
			name = Cita;
			path = StatusShare;
			sourceTree = "<group>";
		};
		27E6B2D5159E36D000280BC7 /* CitaTests */ = {
			isa = PBXGroup;
			children = (
				2A510E5B16D2B712001CF2FF /* CitaTests.h */,
				2A510E5C16D2B712001CF2FF /* CitaTests.m */,
				27E6B2D6159E36D000280BC7 /* Supporting Files */,
			);
			name = CitaTests;
			path = StatusShareTests;
			sourceTree = SOURCE_ROOT;
		};
		27E6B2D6159E36D000280BC7 /* Supporting Files */ = {
			isa = PBXGroup;
			children = (
				2A510E6116D2B731001CF2FF /* InfoPlist.strings */,
				2A510E5E16D2B71F001CF2FF /* StatusShareTests-Info.plist */,
			);
			name = "Supporting Files";
			sourceTree = "<group>";
		};
		27E6B32B159E3C9700280BC7 /* Login and Signup */ = {
			isa = PBXGroup;
			children = (
				2A510E1016D2B5C6001CF2FF /* FormViewController.h */,
				2A510E1116D2B5C6001CF2FF /* FormViewController.m */,
				2A510E1316D2B5D3001CF2FF /* LoginViewContoller.h */,
				2A510E1416D2B5D3001CF2FF /* LoginViewContoller.m */,
				2A510E1616D2B5E4001CF2FF /* CreateAccountViewController.h */,
				2A510E1716D2B5E4001CF2FF /* CreateAccountViewController.m */,
			);
			name = "Login and Signup";
			sourceTree = "<group>";
		};
		27E6B333159E3CD200280BC7 /* Viewing/Creating Updates */ = {
			isa = PBXGroup;
			children = (
				2A510E2216D2B623001CF2FF /* AuthorViewController.h */,
				2A510E2316D2B623001CF2FF /* AuthorViewController.m */,
				2A510E1916D2B60B001CF2FF /* UpdateCell.h */,
				2A510E1A16D2B60B001CF2FF /* UpdateCell.m */,
				2A510E1B16D2B60B001CF2FF /* UpdatesViewController.h */,
				2A510E1C16D2B60B001CF2FF /* UpdatesViewController.m */,
				2A510E1D16D2B60B001CF2FF /* WriteUpdateViewController.h */,
				2A510E1E16D2B60B001CF2FF /* WriteUpdateViewController.m */,
			);
			name = "Viewing/Creating Updates";
			sourceTree = "<group>";
		};
		27E6B334159E3CF200280BC7 /* Backend Classes */ = {
			isa = PBXGroup;
			children = (
				2A510E2516D2B631001CF2FF /* KinveyFriendsUpdate.h */,
				2A510E2616D2B631001CF2FF /* KinveyFriendsUpdate.m */,
			);
			name = "Backend Classes";
			sourceTree = "<group>";
		};
		27E6B335159E3D0300280BC7 /* Utility */ = {
			isa = PBXGroup;
			children = (
				2AA6F3C316D2C32E00948D6C /* IOS-UI-Utils */,
				2A510E2816D2B643001CF2FF /* GravatarStore.h */,
				2A510E2916D2B643001CF2FF /* GravatarStore.m */,
				2A510E2A16D2B643001CF2FF /* MD5Helpers.h */,
				2A510E2B16D2B643001CF2FF /* MD5Helpers.m */,
				2AA6F3F816D2C3F800948D6C /* UIColor+KinveyWidgets.h */,
				2AA6F3F916D2C3F800948D6C /* UIColor+KinveyWidgets.m */,
			);
			name = Utility;
			sourceTree = "<group>";
		};
		27E6B339159E3D3800280BC7 /* UI Elements */ = {
			isa = PBXGroup;
			children = (
				274C3A84160B5C7B00494C42 /* 3rd Party */,
				27E6B341159E3D5A00280BC7 /* Kinvey */,
			);
			name = "UI Elements";
			sourceTree = "<group>";
		};
		27E6B341159E3D5A00280BC7 /* Kinvey */ = {
			isa = PBXGroup;
			children = (
				2A510E3416D2B66B001CF2FF /* KCSButton.h */,
				2A510E3516D2B66B001CF2FF /* KCSButton.m */,
				2A510E3616D2B66B001CF2FF /* UIColor+KinveyHelpers.h */,
				2A510E3716D2B66B001CF2FF /* UIColor+KinveyHelpers.m */,
			);
			name = Kinvey;
			sourceTree = "<group>";
		};
		27E6B342159E3D9500280BC7 /* Supporting Files */ = {
			isa = PBXGroup;
			children = (
				2A510E3A16D2B691001CF2FF /* arrow.png */,
				2A510E6416D2B88E001CF2FF /* Cita-Info.plist */,
				2A510E3B16D2B691001CF2FF /* blue_background.png */,
				2A510E3D16D2B691001CF2FF /* Cita-Prefix.pch */,
				2A510E3E16D2B691001CF2FF /* connection_icon.png */,
				2A510E6616D2B8F3001CF2FF /* InfoPlist.strings */,
				2A510E3F16D2B691001CF2FF /* globe_green.png */,
				2A510E4016D2B691001CF2FF /* globe.png */,
				2A510E4116D2B691001CF2FF /* icon_sync.png */,
				2A510E4216D2B691001CF2FF /* location_icon.png */,
				2A510E4316D2B691001CF2FF /* lock.png */,
				2A510E4416D2B691001CF2FF /* main.m */,
				2A510E4516D2B691001CF2FF /* messages_icon.png */,
				2A510E4616D2B691001CF2FF /* request_icon.png */,
				2A510E4716D2B691001CF2FF /* unlock.png */,
			);
			name = "Supporting Files";
			path = StatusShare;
			sourceTree = SOURCE_ROOT;
		};
		2A36C3CD16B48C26006CDC51 /* Requests */ = {
			isa = PBXGroup;
			children = (
				2A510E0716D2B592001CF2FF /* RequestsViewController.h */,
				2A510E0816D2B592001CF2FF /* RequestsViewController.m */,
			);
			name = Requests;
			sourceTree = "<group>";
		};
		2A36C3D116B48C8A006CDC51 /* Connections */ = {
			isa = PBXGroup;
			children = (
				2A510E0416D2B57D001CF2FF /* ConnectionsViewController.h */,
				2A510E0516D2B57D001CF2FF /* ConnectionsViewController.m */,
			);
			name = Connections;
			sourceTree = "<group>";
		};
		2A36C3D516B48CB3006CDC51 /* Location */ = {
			isa = PBXGroup;
			children = (
				2A510E0A16D2B5AB001CF2FF /* LocationViewController.h */,
				2A510E0B16D2B5AB001CF2FF /* LocationViewController.m */,
			);
			name = Location;
			sourceTree = "<group>";
		};
		2A36C3D916B48CE1006CDC51 /* Messages */ = {
			isa = PBXGroup;
			children = (
				2A510E0D16D2B5B7001CF2FF /* MessagesViewController.h */,
				2A510E0E16D2B5B7001CF2FF /* MessagesViewController.m */,
			);
			name = Messages;
			sourceTree = "<group>";
		};
		2AA6F3C316D2C32E00948D6C /* IOS-UI-Utils */ = {
			isa = PBXGroup;
			children = (
				2AA6F3C416D2C32E00948D6C /* Button Widgets */,
				2AA6F3D016D2C32E00948D6C /* CG Helpers */,
				2AA6F3D316D2C32E00948D6C /* Foundation Categories */,
				2AA6F3DA16D2C32E00948D6C /* UIKit Categories */,
			);
			name = "IOS-UI-Utils";
			path = "Cita/IOS-UI-Utils";
			sourceTree = SOURCE_ROOT;
		};
		2AA6F3C416D2C32E00948D6C /* Button Widgets */ = {
			isa = PBXGroup;
			children = (
				2AA6F3C516D2C32E00948D6C /* KWLinkButton.h */,
				2AA6F3C616D2C32E00948D6C /* KWLinkButton.m */,
				2AA6F3C716D2C32E00948D6C /* KWSocialButton.h */,
				2AA6F3C816D2C32E00948D6C /* KWSocialButton.m */,
				2AA6F3C916D2C32E00948D6C /* MKGradientButton.h */,
				2AA6F3CA16D2C32E00948D6C /* MKGradientButton.m */,
				2AA6F3CB16D2C32E00948D6C /* resources */,
			);
			path = "Button Widgets";
			sourceTree = "<group>";
		};
		2AA6F3CB16D2C32E00948D6C /* resources */ = {
			isa = PBXGroup;
			children = (
				2AA6F3CC16D2C32E00948D6C /* facebook.png */,
				2AA6F3CD16D2C32E00948D6C /* facebook@2x.png */,
				2AA6F3CE16D2C32E00948D6C /* twitter.png */,
				2AA6F3CF16D2C32E00948D6C /* twitter@2x.png */,
			);
			path = resources;
			sourceTree = "<group>";
		};
		2AA6F3D016D2C32E00948D6C /* CG Helpers */ = {
			isa = PBXGroup;
			children = (
				2AA6F3D116D2C32E00948D6C /* MKCGTypeHelpers.h */,
				2AA6F3D216D2C32E00948D6C /* MKCGTypeHelpers.m */,
			);
			path = "CG Helpers";
			sourceTree = "<group>";
		};
		2AA6F3D316D2C32E00948D6C /* Foundation Categories */ = {
			isa = PBXGroup;
			children = (
				2AA6F3D416D2C32E00948D6C /* MD5Helpers.h */,
				2AA6F3D516D2C32E00948D6C /* MD5Helpers.m */,
				2AA6F3D616D2C32E00948D6C /* NSArray+MKHelpers.h */,
				2AA6F3D716D2C32E00948D6C /* NSArray+MKHelpers.m */,
				2AA6F3D816D2C32E00948D6C /* NSString+MKHelpers.h */,
				2AA6F3D916D2C32E00948D6C /* NSString+MKHelpers.m */,
			);
			path = "Foundation Categories";
			sourceTree = "<group>";
		};
		2AA6F3DA16D2C32E00948D6C /* UIKit Categories */ = {
			isa = PBXGroup;
			children = (
				2AA6F3DB16D2C32E00948D6C /* UIColor+MKHelpers.h */,
				2AA6F3DC16D2C32E00948D6C /* UIColor+MKHelpers.m */,
				2AA6F3DD16D2C32E00948D6C /* UILabel+MKHelpers.h */,
				2AA6F3DE16D2C32E00948D6C /* UILabel+MKHelpers.m */,
				2AA6F3DF16D2C32E00948D6C /* UIWindow+MKHelpers.h */,
				2AA6F3E016D2C32E00948D6C /* UIWindow+MKHelpers.m */,
			);
			path = "UIKit Categories";
			sourceTree = "<group>";
		};
		2AA6F3EF16D2C37E00948D6C /* Views */ = {
			isa = PBXGroup;
			children = (
				2AA6F3F016D2C37E00948D6C /* KWGradientView.h */,
				2AA6F3F116D2C37E00948D6C /* KWGradientView.m */,
				2AA6F3F216D2C37E00948D6C /* KWLineView.h */,
				2AA6F3F316D2C37E00948D6C /* KWLineView.m */,
				2AA6F3F416D2C37E00948D6C /* README.md */,
			);
			name = Views;
			path = Cita/Views;
			sourceTree = SOURCE_ROOT;
		};
/* End PBXGroup section */

/* Begin PBXNativeTarget section */
		27E6B2A9159E36D000280BC7 /* Cita */ = {
			isa = PBXNativeTarget;
			buildConfigurationList = 27E6B2E0159E36D000280BC7 /* Build configuration list for PBXNativeTarget "Cita" */;
			buildPhases = (
				27E6B2A6159E36D000280BC7 /* Sources */,
				27E6B2A7159E36D000280BC7 /* Frameworks */,
				27E6B2A8159E36D000280BC7 /* Resources */,
			);
			buildRules = (
			);
			dependencies = (
			);
			name = Cita;
			productName = KinveyGram;
			productReference = 27E6B2AA159E36D000280BC7 /* Cita.app */;
			productType = "com.apple.product-type.application";
		};
/* End PBXNativeTarget section */

/* Begin PBXProject section */
		27E6B2A1159E36D000280BC7 /* Project object */ = {
			isa = PBXProject;
			attributes = {
				LastUpgradeCheck = 0460;
				ORGANIZATIONNAME = Kinvey;
			};
			buildConfigurationList = 27E6B2A4159E36D000280BC7 /* Build configuration list for PBXProject "Cita" */;
			compatibilityVersion = "Xcode 3.2";
			developmentRegion = English;
			hasScannedForEncodings = 0;
			knownRegions = (
				en,
			);
			mainGroup = 27E6B29F159E36D000280BC7;
			productRefGroup = 27E6B2AB159E36D000280BC7 /* Products */;
			projectDirPath = "";
			projectRoot = "";
			targets = (
				27E6B2A9159E36D000280BC7 /* Cita */,
			);
		};
/* End PBXProject section */

/* Begin PBXResourcesBuildPhase section */
		27E6B2A8159E36D000280BC7 /* Resources */ = {
			isa = PBXResourcesBuildPhase;
			buildActionMask = 2147483647;
			files = (
				2A510E0316D2B56B001CF2FF /* MainStoryboard.storyboard in Resources */,
				2A510E4816D2B691001CF2FF /* arrow.png in Resources */,
				2A510E4916D2B691001CF2FF /* blue_background.png in Resources */,
				2A510E4B16D2B691001CF2FF /* connection_icon.png in Resources */,
				2A510E4C16D2B691001CF2FF /* globe_green.png in Resources */,
				2A510E4D16D2B691001CF2FF /* globe.png in Resources */,
				2A510E4E16D2B691001CF2FF /* icon_sync.png in Resources */,
				2A510E4F16D2B691001CF2FF /* location_icon.png in Resources */,
				2A510E5016D2B691001CF2FF /* lock.png in Resources */,
				2A510E5216D2B691001CF2FF /* messages_icon.png in Resources */,
				2A510E5316D2B691001CF2FF /* request_icon.png in Resources */,
				2A510E5416D2B691001CF2FF /* unlock.png in Resources */,
				2A510E5F16D2B71F001CF2FF /* StatusShareTests-Info.plist in Resources */,
				2A510E6316D2B731001CF2FF /* InfoPlist.strings in Resources */,
				2A510E6516D2B88E001CF2FF /* Cita-Info.plist in Resources */,
				2A510E6816D2B8F3001CF2FF /* InfoPlist.strings in Resources */,
				2AA6F3E416D2C32E00948D6C /* facebook.png in Resources */,
				2AA6F3E516D2C32E00948D6C /* facebook@2x.png in Resources */,
				2AA6F3E616D2C32E00948D6C /* twitter.png in Resources */,
				2AA6F3E716D2C32E00948D6C /* twitter@2x.png in Resources */,
				2AA6F3F716D2C37E00948D6C /* README.md in Resources */,
			);
			runOnlyForDeploymentPostprocessing = 0;
		};
/* End PBXResourcesBuildPhase section */

/* Begin PBXSourcesBuildPhase section */
		27E6B2A6159E36D000280BC7 /* Sources */ = {
			isa = PBXSourcesBuildPhase;
			buildActionMask = 2147483647;
			files = (
				2A510E0016D2B537001CF2FF /* AppDelegate.m in Sources */,
				2A510E0616D2B57D001CF2FF /* ConnectionsViewController.m in Sources */,
				2A510E0916D2B592001CF2FF /* RequestsViewController.m in Sources */,
				2A510E0C16D2B5AB001CF2FF /* LocationViewController.m in Sources */,
				2A510E0F16D2B5B7001CF2FF /* MessagesViewController.m in Sources */,
				2A510E1216D2B5C6001CF2FF /* FormViewController.m in Sources */,
				2A510E1516D2B5D3001CF2FF /* LoginViewContoller.m in Sources */,
				2A510E1816D2B5E4001CF2FF /* CreateAccountViewController.m in Sources */,
				2A510E1F16D2B60B001CF2FF /* UpdateCell.m in Sources */,
				2A510E2016D2B60B001CF2FF /* UpdatesViewController.m in Sources */,
				2A510E2116D2B60B001CF2FF /* WriteUpdateViewController.m in Sources */,
				2A510E2416D2B623001CF2FF /* AuthorViewController.m in Sources */,
				2A510E2716D2B631001CF2FF /* KinveyFriendsUpdate.m in Sources */,
				2A510E2C16D2B643001CF2FF /* GravatarStore.m in Sources */,
				2A510E2D16D2B643001CF2FF /* MD5Helpers.m in Sources */,
				2A510E3216D2B654001CF2FF /* MBProgressHUD.m in Sources */,
				2A510E3316D2B654001CF2FF /* PullRefreshTableViewController.m in Sources */,
				2A510E3816D2B66B001CF2FF /* KCSButton.m in Sources */,
				2A510E3916D2B66B001CF2FF /* UIColor+KinveyHelpers.m in Sources */,
				2A510E5116D2B691001CF2FF /* main.m in Sources */,
				2A510E5D16D2B712001CF2FF /* CitaTests.m in Sources */,
				2AA6F3E116D2C32E00948D6C /* KWLinkButton.m in Sources */,
				2AA6F3E216D2C32E00948D6C /* KWSocialButton.m in Sources */,
				2AA6F3E316D2C32E00948D6C /* MKGradientButton.m in Sources */,
				2AA6F3E816D2C32E00948D6C /* MKCGTypeHelpers.m in Sources */,
				2AA6F3E916D2C32E00948D6C /* MD5Helpers.m in Sources */,
				2AA6F3EA16D2C32E00948D6C /* NSArray+MKHelpers.m in Sources */,
				2AA6F3EB16D2C32E00948D6C /* NSString+MKHelpers.m in Sources */,
				2AA6F3EC16D2C32E00948D6C /* UIColor+MKHelpers.m in Sources */,
				2AA6F3ED16D2C32E00948D6C /* UILabel+MKHelpers.m in Sources */,
				2AA6F3EE16D2C32E00948D6C /* UIWindow+MKHelpers.m in Sources */,
				2AA6F3F516D2C37E00948D6C /* KWGradientView.m in Sources */,
				2AA6F3F616D2C37E00948D6C /* KWLineView.m in Sources */,
				2AA6F3FA16D2C3F800948D6C /* UIColor+KinveyWidgets.m in Sources */,
			);
			runOnlyForDeploymentPostprocessing = 0;
		};
/* End PBXSourcesBuildPhase section */

/* Begin PBXVariantGroup section */
		2A510E0116D2B56B001CF2FF /* MainStoryboard.storyboard */ = {
			isa = PBXVariantGroup;
			children = (
				2A510E0216D2B56B001CF2FF /* en */,
			);
			name = MainStoryboard.storyboard;
			sourceTree = "<group>";
		};
		2A510E6116D2B731001CF2FF /* InfoPlist.strings */ = {
			isa = PBXVariantGroup;
			children = (
				2A510E6216D2B731001CF2FF /* en */,
			);
			name = InfoPlist.strings;
			sourceTree = "<group>";
		};
		2A510E6616D2B8F3001CF2FF /* InfoPlist.strings */ = {
			isa = PBXVariantGroup;
			children = (
				2A510E6716D2B8F3001CF2FF /* en */,
			);
			name = InfoPlist.strings;
			sourceTree = "<group>";
		};
/* End PBXVariantGroup section */

/* Begin XCBuildConfiguration section */
		27E6B2DE159E36D000280BC7 /* Debug */ = {
			isa = XCBuildConfiguration;
			buildSettings = {
				ALWAYS_SEARCH_USER_PATHS = NO;
				ARCHS = "$(ARCHS_STANDARD_32_BIT)";
				CLANG_ENABLE_OBJC_ARC = YES;
				CLANG_WARN_CONSTANT_CONVERSION = YES;
				CLANG_WARN_ENUM_CONVERSION = YES;
				CLANG_WARN_INT_CONVERSION = YES;
				CLANG_WARN__DUPLICATE_METHOD_MATCH = YES;
				"CODE_SIGN_IDENTITY[sdk=iphoneos*]" = "iPhone Developer: Nilesh Khaitan (FFAYQDKA9Q)";
				COPY_PHASE_STRIP = NO;
				GCC_C_LANGUAGE_STANDARD = gnu99;
				GCC_DYNAMIC_NO_PIC = NO;
				GCC_OPTIMIZATION_LEVEL = 0;
				GCC_PREPROCESSOR_DEFINITIONS = (
					"DEBUG=1",
					"$(inherited)",
				);
				GCC_SYMBOLS_PRIVATE_EXTERN = NO;
				GCC_VERSION = com.apple.compilers.llvm.clang.1_0;
				GCC_WARN_ABOUT_RETURN_TYPE = YES;
				GCC_WARN_UNINITIALIZED_AUTOS = YES;
				GCC_WARN_UNUSED_VARIABLE = YES;
				IPHONEOS_DEPLOYMENT_TARGET = 5.1;
				OTHER_LDFLAGS = (
					"-ObjC",
					"-all_load",
				);
				"PROVISIONING_PROFILE[sdk=iphoneos*]" = "17ECDBE5-DBAB-4F34-AC60-E697046B9B17";
				SDKROOT = iphoneos;
				TARGETED_DEVICE_FAMILY = "1,2";
			};
			name = Debug;
		};
		27E6B2DF159E36D000280BC7 /* Release */ = {
			isa = XCBuildConfiguration;
			buildSettings = {
				ALWAYS_SEARCH_USER_PATHS = NO;
				ARCHS = "$(ARCHS_STANDARD_32_BIT)";
				CLANG_ENABLE_OBJC_ARC = YES;
				CLANG_WARN_CONSTANT_CONVERSION = YES;
				CLANG_WARN_ENUM_CONVERSION = YES;
				CLANG_WARN_INT_CONVERSION = YES;
				CLANG_WARN__DUPLICATE_METHOD_MATCH = YES;
				"CODE_SIGN_IDENTITY[sdk=iphoneos*]" = "iPhone Developer: Nilesh Khaitan (FFAYQDKA9Q)";
				COPY_PHASE_STRIP = YES;
				GCC_C_LANGUAGE_STANDARD = gnu99;
				GCC_VERSION = com.apple.compilers.llvm.clang.1_0;
				GCC_WARN_ABOUT_RETURN_TYPE = YES;
				GCC_WARN_UNINITIALIZED_AUTOS = YES;
				GCC_WARN_UNUSED_VARIABLE = YES;
				IPHONEOS_DEPLOYMENT_TARGET = 5.1;
				OTHER_CFLAGS = "-DNS_BLOCK_ASSERTIONS=1";
				OTHER_LDFLAGS = (
					"-ObjC",
					"-all_load",
				);
				"PROVISIONING_PROFILE[sdk=iphoneos*]" = "DE428D8C-6312-40C1-8979-504BAC19EDDB";
				SDKROOT = iphoneos;
				TARGETED_DEVICE_FAMILY = "1,2";
				VALIDATE_PRODUCT = YES;
			};
			name = Release;
		};
		27E6B2E1159E36D000280BC7 /* Debug */ = {
			isa = XCBuildConfiguration;
			buildSettings = {
				FRAMEWORK_SEARCH_PATHS = (
					"$(inherited)",
					"\"$(SRCROOT)\"",
					"\"$(SRCROOT)/StatusShare/Sign-In/KinveyKit\"",
				);
				GCC_PRECOMPILE_PREFIX_HEADER = YES;
				GCC_PREFIX_HEADER = "Cita/Cita-Prefix.pch";
				INFOPLIST_FILE = "$(SRCROOT)/Cita/Cita-Info.plist";
				IPHONEOS_DEPLOYMENT_TARGET = 5.0;
				LIBRARY_SEARCH_PATHS = (
					"$(inherited)",
					"\"$(SRCROOT)\"",
					"\"$(SRCROOT)/StatusShare\"",
				);
				OTHER_LDFLAGS = (
					"-ObjC",
					"-all_load",
				);
				PRODUCT_NAME = Cita;
				TARGETED_DEVICE_FAMILY = 1;
				WRAPPER_EXTENSION = app;
			};
			name = Debug;
		};
		27E6B2E2159E36D000280BC7 /* Release */ = {
			isa = XCBuildConfiguration;
			buildSettings = {
				FRAMEWORK_SEARCH_PATHS = (
					"$(inherited)",
					"\"$(SRCROOT)\"",
					"\"$(SRCROOT)/StatusShare/Sign-In/KinveyKit\"",
				);
				GCC_PRECOMPILE_PREFIX_HEADER = YES;
				GCC_PREFIX_HEADER = "Cita/Cita-Prefix.pch";
				INFOPLIST_FILE = "$(SRCROOT)/Cita/Cita-Info.plist";
				IPHONEOS_DEPLOYMENT_TARGET = 5.0;
				LIBRARY_SEARCH_PATHS = (
					"$(inherited)",
					"\"$(SRCROOT)\"",
					"\"$(SRCROOT)/StatusShare\"",
				);
				OTHER_LDFLAGS = (
					"-ObjC",
					"-all_load",
				);
				PRODUCT_NAME = Cita;
				TARGETED_DEVICE_FAMILY = 1;
				WRAPPER_EXTENSION = app;
			};
			name = Release;
		};
/* End XCBuildConfiguration section */

/* Begin XCConfigurationList section */
		27E6B2A4159E36D000280BC7 /* Build configuration list for PBXProject "Cita" */ = {
			isa = XCConfigurationList;
			buildConfigurations = (
				27E6B2DE159E36D000280BC7 /* Debug */,
				27E6B2DF159E36D000280BC7 /* Release */,
			);
			defaultConfigurationIsVisible = 0;
			defaultConfigurationName = Release;
		};
		27E6B2E0159E36D000280BC7 /* Build configuration list for PBXNativeTarget "Cita" */ = {
			isa = XCConfigurationList;
			buildConfigurations = (
				27E6B2E1159E36D000280BC7 /* Debug */,
				27E6B2E2159E36D000280BC7 /* Release */,
			);
			defaultConfigurationIsVisible = 0;
			defaultConfigurationName = Release;
		};
/* End XCConfigurationList section */
	};
	rootObject = 27E6B2A1159E36D000280BC7 /* Project object */;
}
